// !$*UTF8*$!
{
	archiveVersion = 1;
	classes = {
	};
	objectVersion = 50;
	objects = {

/* Begin PBXBuildFile section */
		D25C85DE218B2E0D00FF03BD /* AppDelegate.swift in Sources */ = {isa = PBXBuildFile; fileRef = D25C85DD218B2E0D00FF03BD /* AppDelegate.swift */; };
		D25C85E0218B2E0D00FF03BD /* ViewController.swift in Sources */ = {isa = PBXBuildFile; fileRef = D25C85DF218B2E0D00FF03BD /* ViewController.swift */; };
		D25C85E3218B2E0D00FF03BD /* Main.storyboard in Resources */ = {isa = PBXBuildFile; fileRef = D25C85E1218B2E0D00FF03BD /* Main.storyboard */; };
		D25C85E5218B2E0F00FF03BD /* Assets.xcassets in Resources */ = {isa = PBXBuildFile; fileRef = D25C85E4218B2E0F00FF03BD /* Assets.xcassets */; };
		D25C85E8218B2E0F00FF03BD /* LaunchScreen.storyboard in Resources */ = {isa = PBXBuildFile; fileRef = D25C85E6218B2E0F00FF03BD /* LaunchScreen.storyboard */; };
		D2B232D3218B43FA00058D82 /* common2.framework in Frameworks */ = {isa = PBXBuildFile; fileRef = D25C85F0218B2E9B00FF03BD /* common2.framework */; };
		D2B232D4218B43FA00058D82 /* common2.framework in Embed Frameworks */ = {isa = PBXBuildFile; fileRef = D25C85F0218B2E9B00FF03BD /* common2.framework */; settings = {ATTRIBUTES = (CodeSignOnCopy, RemoveHeadersOnCopy, ); }; };
/* End PBXBuildFile section */

/* Begin PBXCopyFilesBuildPhase section */
		D2B232D5218B43FA00058D82 /* Embed Frameworks */ = {
			isa = PBXCopyFilesBuildPhase;
			buildActionMask = 2147483647;
			dstPath = "";
			dstSubfolderSpec = 10;
			files = (
				D2B232D4218B43FA00058D82 /* common2.framework in Embed Frameworks */,
			);
			name = "Embed Frameworks";
			runOnlyForDeploymentPostprocessing = 0;
		};
/* End PBXCopyFilesBuildPhase section */

/* Begin PBXFileReference section */
		D25C85DA218B2E0D00FF03BD /* kotlin.app */ = {isa = PBXFileReference; explicitFileType = wrapper.application; includeInIndex = 0; path = kotlin.app; sourceTree = BUILT_PRODUCTS_DIR; };
		D25C85DD218B2E0D00FF03BD /* AppDelegate.swift */ = {isa = PBXFileReference; lastKnownFileType = sourcecode.swift; path = AppDelegate.swift; sourceTree = "<group>"; };
		D25C85DF218B2E0D00FF03BD /* ViewController.swift */ = {isa = PBXFileReference; lastKnownFileType = sourcecode.swift; path = ViewController.swift; sourceTree = "<group>"; };
		D25C85E2218B2E0D00FF03BD /* Base */ = {isa = PBXFileReference; lastKnownFileType = file.storyboard; name = Base; path = Base.lproj/Main.storyboard; sourceTree = "<group>"; };
		D25C85E4218B2E0F00FF03BD /* Assets.xcassets */ = {isa = PBXFileReference; lastKnownFileType = folder.assetcatalog; path = Assets.xcassets; sourceTree = "<group>"; };
		D25C85E7218B2E0F00FF03BD /* Base */ = {isa = PBXFileReference; lastKnownFileType = file.storyboard; name = Base; path = Base.lproj/LaunchScreen.storyboard; sourceTree = "<group>"; };
		D25C85E9218B2E0F00FF03BD /* Info.plist */ = {isa = PBXFileReference; lastKnownFileType = text.plist.xml; path = Info.plist; sourceTree = "<group>"; };
		D25C85F0218B2E9B00FF03BD /* common2.framework */ = {isa = PBXFileReference; lastKnownFileType = wrapper.framework; name = common2.framework; path = ../../../native/common2/build/bin/ios/main/release/framework/common2.framework; sourceTree = "<group>"; };
/* End PBXFileReference section */

/* Begin PBXFrameworksBuildPhase section */
		D25C85D7218B2E0D00FF03BD /* Frameworks */ = {
			isa = PBXFrameworksBuildPhase;
			buildActionMask = 2147483647;
			files = (
				D2B232D3218B43FA00058D82 /* common2.framework in Frameworks */,
			);
			runOnlyForDeploymentPostprocessing = 0;
		};
/* End PBXFrameworksBuildPhase section */

/* Begin PBXGroup section */
		D25C85D1218B2E0D00FF03BD = {
			isa = PBXGroup;
			children = (
				D25C85DC218B2E0D00FF03BD /* kotlin */,
				D25C85DB218B2E0D00FF03BD /* Products */,
				D25C85EF218B2E9A00FF03BD /* Frameworks */,
			);
			sourceTree = "<group>";
		};
		D25C85DB218B2E0D00FF03BD /* Products */ = {
			isa = PBXGroup;
			children = (
				D25C85DA218B2E0D00FF03BD /* kotlin.app */,
			);
			name = Products;
			sourceTree = "<group>";
		};
		D25C85DC218B2E0D00FF03BD /* kotlin */ = {
			isa = PBXGroup;
			children = (
				D25C85DD218B2E0D00FF03BD /* AppDelegate.swift */,
				D25C85DF218B2E0D00FF03BD /* ViewController.swift */,
				D25C85E1218B2E0D00FF03BD /* Main.storyboard */,
				D25C85E4218B2E0F00FF03BD /* Assets.xcassets */,
				D25C85E6218B2E0F00FF03BD /* LaunchScreen.storyboard */,
				D25C85E9218B2E0F00FF03BD /* Info.plist */,
			);
			path = kotlin;
			sourceTree = "<group>";
		};
		D25C85EF218B2E9A00FF03BD /* Frameworks */ = {
			isa = PBXGroup;
			children = (
				D25C85F0218B2E9B00FF03BD /* common2.framework */,
			);
			name = Frameworks;
			sourceTree = "<group>";
		};
/* End PBXGroup section */

/* Begin PBXNativeTarget section */
		D25C85D9218B2E0D00FF03BD /* kotlin */ = {
			isa = PBXNativeTarget;
			buildConfigurationList = D25C85EC218B2E0F00FF03BD /* Build configuration list for PBXNativeTarget "kotlin" */;
			buildPhases = (
				D25C85F2218B2F8500FF03BD /* ShellScript */,
				D25C85D6218B2E0D00FF03BD /* Sources */,
				D25C85D7218B2E0D00FF03BD /* Frameworks */,
				D25C85D8218B2E0D00FF03BD /* Resources */,
				D2B232D5218B43FA00058D82 /* Embed Frameworks */,
			);
			buildRules = (
			);
			dependencies = (
			);
			name = kotlin;
			productName = kotlin;
			productReference = D25C85DA218B2E0D00FF03BD /* kotlin.app */;
			productType = "com.apple.product-type.application";
		};
/* End PBXNativeTarget section */

/* Begin PBXProject section */
		D25C85D2218B2E0D00FF03BD /* Project object */ = {
			isa = PBXProject;
			attributes = {
				LastSwiftUpdateCheck = 1010;
				LastUpgradeCheck = 1010;
				ORGANIZATIONNAME = "Jamie Kerr";
				TargetAttributes = {
					D25C85D9218B2E0D00FF03BD = {
						CreatedOnToolsVersion = 10.1;
					};
				};
			};
			buildConfigurationList = D25C85D5218B2E0D00FF03BD /* Build configuration list for PBXProject "kotlin" */;
			compatibilityVersion = "Xcode 9.3";
			developmentRegion = en;
			hasScannedForEncodings = 0;
			knownRegions = (
				en,
				Base,
			);
			mainGroup = D25C85D1218B2E0D00FF03BD;
			productRefGroup = D25C85DB218B2E0D00FF03BD /* Products */;
			projectDirPath = "";
			projectRoot = "";
			targets = (
				D25C85D9218B2E0D00FF03BD /* kotlin */,
			);
		};
/* End PBXProject section */

/* Begin PBXResourcesBuildPhase section */
		D25C85D8218B2E0D00FF03BD /* Resources */ = {
			isa = PBXResourcesBuildPhase;
			buildActionMask = 2147483647;
			files = (
				D25C85E8218B2E0F00FF03BD /* LaunchScreen.storyboard in Resources */,
				D25C85E5218B2E0F00FF03BD /* Assets.xcassets in Resources */,
				D25C85E3218B2E0D00FF03BD /* Main.storyboard in Resources */,
			);
			runOnlyForDeploymentPostprocessing = 0;
		};
/* End PBXResourcesBuildPhase section */

/* Begin PBXShellScriptBuildPhase section */
		D25C85F2218B2F8500FF03BD /* ShellScript */ = {
			isa = PBXShellScriptBuildPhase;
			buildActionMask = 2147483647;
			files = (
			);
			inputFileListPaths = (
			);
			inputPaths = (
			);
			outputFileListPaths = (
			);
			outputPaths = (
			);
			runOnlyForDeploymentPostprocessing = 0;
			shellPath = /bin/sh;
			shellScript = "# Type a script or drag a script file from your workspace to insert its path.\n";
		};
/* End PBXShellScriptBuildPhase section */

/* Begin PBXSourcesBuildPhase section */
		D25C85D6218B2E0D00FF03BD /* Sources */ = {
			isa = PBXSourcesBuildPhase;
			buildActionMask = 2147483647;
			files = (
				D25C85E0218B2E0D00FF03BD /* ViewController.swift in Sources */,
				D25C85DE218B2E0D00FF03BD /* AppDelegate.swift in Sources */,
			);
			runOnlyForDeploymentPostprocessing = 0;
		};
/* End PBXSourcesBuildPhase section */

/* Begin PBXVariantGroup section */
		D25C85E1218B2E0D00FF03BD /* Main.storyboard */ = {
			isa = PBXVariantGroup;
			children = (
				D25C85E2218B2E0D00FF03BD /* Base */,
			);
			name = Main.storyboard;
			sourceTree = "<group>";
		};
		D25C85E6218B2E0F00FF03BD /* LaunchScreen.storyboard */ = {
			isa = PBXVariantGroup;
			children = (
				D25C85E7218B2E0F00FF03BD /* Base */,
			);
			name = LaunchScreen.storyboard;
			sourceTree = "<group>";
		};
/* End PBXVariantGroup section */

/* Begin XCBuildConfiguration section */
		D25C85EA218B2E0F00FF03BD /* Debug */ = {
			isa = XCBuildConfiguration;
			buildSettings = {
				ALWAYS_SEARCH_USER_PATHS = NO;
				CLANG_ANALYZER_NONNULL = YES;
				CLANG_ANALYZER_NUMBER_OBJECT_CONVERSION = YES_AGGRESSIVE;
				CLANG_CXX_LANGUAGE_STANDARD = "gnu++14";
				CLANG_CXX_LIBRARY = "libc++";
				CLANG_ENABLE_MODULES = YES;
				CLANG_ENABLE_OBJC_ARC = YES;
				CLANG_ENABLE_OBJC_WEAK = YES;
				CLANG_WARN_BLOCK_CAPTURE_AUTORELEASING = YES;
				CLANG_WARN_BOOL_CONVERSION = YES;
				CLANG_WARN_COMMA = YES;
				CLANG_WARN_CONSTANT_CONVERSION = YES;
				CLANG_WARN_DEPRECATED_OBJC_IMPLEMENTATIONS = YES;
				CLANG_WARN_DIRECT_OBJC_ISA_USAGE = YES_ERROR;
				CLANG_WARN_DOCUMENTATION_COMMENTS = YES;
				CLANG_WARN_EMPTY_BODY = YES;
				CLANG_WARN_ENUM_CONVERSION = YES;
				CLANG_WARN_INFINITE_RECURSION = YES;
				CLANG_WARN_INT_CONVERSION = YES;
				CLANG_WARN_NON_LITERAL_NULL_CONVERSION = YES;
				CLANG_WARN_OBJC_IMPLICIT_RETAIN_SELF = YES;
				CLANG_WARN_OBJC_LITERAL_CONVERSION = YES;
				CLANG_WARN_OBJC_ROOT_CLASS = YES_ERROR;
				CLANG_WARN_RANGE_LOOP_ANALYSIS = YES;
				CLANG_WARN_STRICT_PROTOTYPES = YES;
				CLANG_WARN_SUSPICIOUS_MOVE = YES;
				CLANG_WARN_UNGUARDED_AVAILABILITY = YES_AGGRESSIVE;
				CLANG_WARN_UNREACHABLE_CODE = YES;
				CLANG_WARN__DUPLICATE_METHOD_MATCH = YES;
				CODE_SIGN_IDENTITY = "iPhone Developer";
				COPY_PHASE_STRIP = NO;
				DEBUG_INFORMATION_FORMAT = dwarf;
				ENABLE_STRICT_OBJC_MSGSEND = YES;
				ENABLE_TESTABILITY = YES;
				GCC_C_LANGUAGE_STANDARD = gnu11;
				GCC_DYNAMIC_NO_PIC = NO;
				GCC_NO_COMMON_BLOCKS = YES;
				GCC_OPTIMIZATION_LEVEL = 0;
				GCC_PREPROCESSOR_DEFINITIONS = (
					"DEBUG=1",
					"$(inherited)",
				);
				GCC_WARN_64_TO_32_BIT_CONVERSION = YES;
				GCC_WARN_ABOUT_RETURN_TYPE = YES_ERROR;
				GCC_WARN_UNDECLARED_SELECTOR = YES;
				GCC_WARN_UNINITIALIZED_AUTOS = YES_AGGRESSIVE;
				GCC_WARN_UNUSED_FUNCTION = YES;
				GCC_WARN_UNUSED_VARIABLE = YES;
				IPHONEOS_DEPLOYMENT_TARGET = 12.1;
				MTL_ENABLE_DEBUG_INFO = INCLUDE_SOURCE;
				MTL_FAST_MATH = YES;
				ONLY_ACTIVE_ARCH = YES;
				SDKROOT = iphoneos;
				SWIFT_ACTIVE_COMPILATION_CONDITIONS = DEBUG;
				SWIFT_OPTIMIZATION_LEVEL = "-Onone";
			};
			name = Debug;
		};
		D25C85EB218B2E0F00FF03BD /* Release */ = {
			isa = XCBuildConfiguration;
			buildSettings = {
				ALWAYS_SEARCH_USER_PATHS = NO;
				CLANG_ANALYZER_NONNULL = YES;
				CLANG_ANALYZER_NUMBER_OBJECT_CONVERSION = YES_AGGRESSIVE;
				CLANG_CXX_LANGUAGE_STANDARD = "gnu++14";
				CLANG_CXX_LIBRARY = "libc++";
				CLANG_ENABLE_MODULES = YES;
				CLANG_ENABLE_OBJC_ARC = YES;
				CLANG_ENABLE_OBJC_WEAK = YES;
				CLANG_WARN_BLOCK_CAPTURE_AUTORELEASING = YES;
				CLANG_WARN_BOOL_CONVERSION = YES;
				CLANG_WARN_COMMA = YES;
				CLANG_WARN_CONSTANT_CONVERSION = YES;
				CLANG_WARN_DEPRECATED_OBJC_IMPLEMENTATIONS = YES;
				CLANG_WARN_DIRECT_OBJC_ISA_USAGE = YES_ERROR;
				CLANG_WARN_DOCUMENTATION_COMMENTS = YES;
				CLANG_WARN_EMPTY_BODY = YES;
				CLANG_WARN_ENUM_CONVERSION = YES;
				CLANG_WARN_INFINITE_RECURSION = YES;
				CLANG_WARN_INT_CONVERSION = YES;
				CLANG_WARN_NON_LITERAL_NULL_CONVERSION = YES;
				CLANG_WARN_OBJC_IMPLICIT_RETAIN_SELF = YES;
				CLANG_WARN_OBJC_LITERAL_CONVERSION = YES;
				CLANG_WARN_OBJC_ROOT_CLASS = YES_ERROR;
				CLANG_WARN_RANGE_LOOP_ANALYSIS = YES;
				CLANG_WARN_STRICT_PROTOTYPES = YES;
				CLANG_WARN_SUSPICIOUS_MOVE = YES;
				CLANG_WARN_UNGUARDED_AVAILABILITY = YES_AGGRESSIVE;
				CLANG_WARN_UNREACHABLE_CODE = YES;
				CLANG_WARN__DUPLICATE_METHOD_MATCH = YES;
				CODE_SIGN_IDENTITY = "iPhone Developer";
				COPY_PHASE_STRIP = NO;
				DEBUG_INFORMATION_FORMAT = "dwarf-with-dsym";
				ENABLE_NS_ASSERTIONS = NO;
				ENABLE_STRICT_OBJC_MSGSEND = YES;
				GCC_C_LANGUAGE_STANDARD = gnu11;
				GCC_NO_COMMON_BLOCKS = YES;
				GCC_WARN_64_TO_32_BIT_CONVERSION = YES;
				GCC_WARN_ABOUT_RETURN_TYPE = YES_ERROR;
				GCC_WARN_UNDECLARED_SELECTOR = YES;
				GCC_WARN_UNINITIALIZED_AUTOS = YES_AGGRESSIVE;
				GCC_WARN_UNUSED_FUNCTION = YES;
				GCC_WARN_UNUSED_VARIABLE = YES;
				IPHONEOS_DEPLOYMENT_TARGET = 12.1;
				MTL_ENABLE_DEBUG_INFO = NO;
				MTL_FAST_MATH = YES;
				SDKROOT = iphoneos;
				SWIFT_COMPILATION_MODE = wholemodule;
				SWIFT_OPTIMIZATION_LEVEL = "-O";
				VALIDATE_PRODUCT = YES;
			};
			name = Release;
		};
		D25C85ED218B2E0F00FF03BD /* Debug */ = {
			isa = XCBuildConfiguration;
			buildSettings = {
				ASSETCATALOG_COMPILER_APPICON_NAME = AppIcon;
				CODE_SIGN_IDENTITY = "iPhone Developer";
				CODE_SIGN_STYLE = Automatic;
				DEVELOPMENT_TEAM = HRL6BQY7MY;
				ENABLE_BITCODE = NO;
				FRAMEWORK_SEARCH_PATHS = "/Users/jamie.kerr/native/common2/build/bin/ios/main/release/framework/**";
				INFOPLIST_FILE = kotlin/Info.plist;
				IPHONEOS_DEPLOYMENT_TARGET = 10.3;
				LD_RUNPATH_SEARCH_PATHS = (
					"$(inherited)",
					"@executable_path/Frameworks",
				);
				PRODUCT_BUNDLE_IDENTIFIER = com.jamiekerr.kotlin;
				PRODUCT_NAME = "$(TARGET_NAME)";
				PROVISIONING_PROFILE_SPECIFIER = "";
				SWIFT_VERSION = 4.2;
				TARGETED_DEVICE_FAMILY = "1,2";
			};
			name = Debug;
		};
		D25C85EE218B2E0F00FF03BD /* Release */ = {
			isa = XCBuildConfiguration;
			buildSettings = {
				ASSETCATALOG_COMPILER_APPICON_NAME = AppIcon;
				CODE_SIGN_IDENTITY = "iPhone Developer";
				CODE_SIGN_STYLE = Automatic;
				DEVELOPMENT_TEAM = HRL6BQY7MY;
				ENABLE_BITCODE = NO;
				FRAMEWORK_SEARCH_PATHS = "/Users/jamie.kerr/native/common2/build/bin/ios/main/release/framework/**";
				INFOPLIST_FILE = kotlin/Info.plist;
				IPHONEOS_DEPLOYMENT_TARGET = 10.3;
				LD_RUNPATH_SEARCH_PATHS = (
					"$(inherited)",
					"@executable_path/Frameworks",
				);
				PRODUCT_BUNDLE_IDENTIFIER = com.jamiekerr.kotlin;
				PRODUCT_NAME = "$(TARGET_NAME)";
				PROVISIONING_PROFILE_SPECIFIER = "";
				SWIFT_VERSION = 4.2;
				TARGETED_DEVICE_FAMILY = "1,2";
			};
			name = Release;
		};
/* End XCBuildConfiguration section */

/* Begin XCConfigurationList section */
		D25C85D5218B2E0D00FF03BD /* Build configuration list for PBXProject "kotlin" */ = {
			isa = XCConfigurationList;
			buildConfigurations = (
				D25C85EA218B2E0F00FF03BD /* Debug */,
				D25C85EB218B2E0F00FF03BD /* Release */,
			);
			defaultConfigurationIsVisible = 0;
			defaultConfigurationName = Release;
		};
		D25C85EC218B2E0F00FF03BD /* Build configuration list for PBXNativeTarget "kotlin" */ = {
			isa = XCConfigurationList;
			buildConfigurations = (
				D25C85ED218B2E0F00FF03BD /* Debug */,
				D25C85EE218B2E0F00FF03BD /* Release */,
			);
			defaultConfigurationIsVisible = 0;
			defaultConfigurationName = Release;
		};
/* End XCConfigurationList section */
	};
	rootObject = D25C85D2218B2E0D00FF03BD /* Project object */;
}
