// !$*UTF8*$!
{
	archiveVersion = 1;
	classes = {
	};
	objectVersion = 50;
	objects = {

/* Begin PBXBuildFile section */
		02D8C9D0C630F6DBF363DF27 /* Pods_kotlin.framework in Frameworks */ = {isa = PBXBuildFile; fileRef = C1F0D0404CEA3D60E81BA390 /* Pods_kotlin.framework */; };
		D21F77BD21BA173B00596FBF /* spock.framework in Frameworks */ = {isa = PBXBuildFile; fileRef = D21F77BC21BA173B00596FBF /* spock.framework */; };
		D21F77BE21BA173B00596FBF /* spock.framework in Embed Frameworks */ = {isa = PBXBuildFile; fileRef = D21F77BC21BA173B00596FBF /* spock.framework */; settings = {ATTRIBUTES = (CodeSignOnCopy, RemoveHeadersOnCopy, ); }; };
		D21F77C121BA390000596FBF /* Test.swift in Sources */ = {isa = PBXBuildFile; fileRef = D21F77C021BA390000596FBF /* Test.swift */; };
		D21F77C421BA39AC00596FBF /* Test.m in Sources */ = {isa = PBXBuildFile; fileRef = D21F77C321BA39AC00596FBF /* Test.m */; };
		D25C85DE218B2E0D00FF03BD /* AppDelegate.swift in Sources */ = {isa = PBXBuildFile; fileRef = D25C85DD218B2E0D00FF03BD /* AppDelegate.swift */; };
		D25C85E0218B2E0D00FF03BD /* TakePhotoViewController.swift in Sources */ = {isa = PBXBuildFile; fileRef = D25C85DF218B2E0D00FF03BD /* TakePhotoViewController.swift */; };
		D25C85E5218B2E0F00FF03BD /* Assets.xcassets in Resources */ = {isa = PBXBuildFile; fileRef = D25C85E4218B2E0F00FF03BD /* Assets.xcassets */; };
		D25C85E8218B2E0F00FF03BD /* LaunchScreen.storyboard in Resources */ = {isa = PBXBuildFile; fileRef = D25C85E6218B2E0F00FF03BD /* LaunchScreen.storyboard */; };
		D2E1E3E421B97DA2001C272A /* MenuViewController.swift in Sources */ = {isa = PBXBuildFile; fileRef = D2E1E3E221B97DA2001C272A /* MenuViewController.swift */; };
		D2E1E3E621B97EBB001C272A /* Menu.storyboard in Resources */ = {isa = PBXBuildFile; fileRef = D2E1E3E521B97EBB001C272A /* Menu.storyboard */; };
		D2E1E3E821B98AD9001C272A /* Main.storyboard in Resources */ = {isa = PBXBuildFile; fileRef = D25C85E1218B2E0D00FF03BD /* Main.storyboard */; };
		D2E1E3EF21B99D09001C272A /* SpockManager.swift in Sources */ = {isa = PBXBuildFile; fileRef = D2E1E3EE21B99D09001C272A /* SpockManager.swift */; };
		F0B92850C1E5A11EAE8ED299 /* index.js in Sources */ = {isa = PBXBuildFile; fileRef = F0B924EF312520A016E0061A /* index.js */; };
		F0B92E22C3AEBEA8A711152C /* header.js in Sources */ = {isa = PBXBuildFile; fileRef = F0B92F397ADBCB94D1F01D22 /* header.js */; };
		F0B92F5CB85D9817C5A4CC8C /* list-button.js in Sources */ = {isa = PBXBuildFile; fileRef = F0B9219A564C71631F4CA9F0 /* list-button.js */; };
/* End PBXBuildFile section */

/* Begin PBXCopyFilesBuildPhase section */
		D21F77BF21BA173B00596FBF /* Embed Frameworks */ = {
			isa = PBXCopyFilesBuildPhase;
			buildActionMask = 2147483647;
			dstPath = "";
			dstSubfolderSpec = 10;
			files = (
				D21F77BE21BA173B00596FBF /* spock.framework in Embed Frameworks */,
			);
			name = "Embed Frameworks";
			runOnlyForDeploymentPostprocessing = 0;
		};
/* End PBXCopyFilesBuildPhase section */

/* Begin PBXFileReference section */
		B65B483DC556D2D2404EBDED /* Pods-kotlin.debug.xcconfig */ = {isa = PBXFileReference; includeInIndex = 1; lastKnownFileType = text.xcconfig; name = "Pods-kotlin.debug.xcconfig"; path = "Pods/Target Support Files/Pods-kotlin/Pods-kotlin.debug.xcconfig"; sourceTree = "<group>"; };
		C1F0D0404CEA3D60E81BA390 /* Pods_kotlin.framework */ = {isa = PBXFileReference; explicitFileType = wrapper.framework; includeInIndex = 0; path = Pods_kotlin.framework; sourceTree = BUILT_PRODUCTS_DIR; };
		D21F77BC21BA173B00596FBF /* spock.framework */ = {isa = PBXFileReference; lastKnownFileType = wrapper.framework; name = spock.framework; path = ../Documents/Kotlin/spock/build/bin/ios/main/release/framework/spock.framework; sourceTree = "<group>"; };
		D21F77C021BA390000596FBF /* Test.swift */ = {isa = PBXFileReference; lastKnownFileType = sourcecode.swift; path = Test.swift; sourceTree = "<group>"; };
		D21F77C221BA392400596FBF /* Bridge.h */ = {isa = PBXFileReference; lastKnownFileType = sourcecode.c.h; path = Bridge.h; sourceTree = "<group>"; };
		D21F77C321BA39AC00596FBF /* Test.m */ = {isa = PBXFileReference; lastKnownFileType = sourcecode.c.objc; path = Test.m; sourceTree = "<group>"; };
		D2388EC721B07C21001855CD /* Base */ = {isa = PBXFileReference; lastKnownFileType = file.storyboard; name = Base; path = kotlin/Base.lproj/Main.storyboard; sourceTree = "<group>"; };
		D25C85DA218B2E0D00FF03BD /* kotlin.app */ = {isa = PBXFileReference; explicitFileType = wrapper.application; includeInIndex = 0; path = kotlin.app; sourceTree = BUILT_PRODUCTS_DIR; };
		D25C85DD218B2E0D00FF03BD /* AppDelegate.swift */ = {isa = PBXFileReference; lastKnownFileType = sourcecode.swift; path = AppDelegate.swift; sourceTree = "<group>"; };
		D25C85DF218B2E0D00FF03BD /* TakePhotoViewController.swift */ = {isa = PBXFileReference; lastKnownFileType = sourcecode.swift; path = TakePhotoViewController.swift; sourceTree = "<group>"; };
		D25C85E2218B2E0D00FF03BD /* Base */ = {isa = PBXFileReference; lastKnownFileType = file.storyboard; name = Base; path = Base.lproj/Main.storyboard; sourceTree = "<group>"; };
		D25C85E4218B2E0F00FF03BD /* Assets.xcassets */ = {isa = PBXFileReference; lastKnownFileType = folder.assetcatalog; path = Assets.xcassets; sourceTree = "<group>"; };
		D25C85E7218B2E0F00FF03BD /* Base */ = {isa = PBXFileReference; lastKnownFileType = file.storyboard; name = Base; path = Base.lproj/LaunchScreen.storyboard; sourceTree = "<group>"; };
		D25C85E9218B2E0F00FF03BD /* Info.plist */ = {isa = PBXFileReference; lastKnownFileType = text.plist.xml; path = Info.plist; sourceTree = "<group>"; };
		D2E1E3E221B97DA2001C272A /* MenuViewController.swift */ = {isa = PBXFileReference; fileEncoding = 4; lastKnownFileType = sourcecode.swift; name = MenuViewController.swift; path = "../../../Documents/iOS projects/kotlin/kotlin/Menu/MenuViewController.swift"; sourceTree = "<group>"; };
		D2E1E3E521B97EBB001C272A /* Menu.storyboard */ = {isa = PBXFileReference; lastKnownFileType = file.storyboard; path = Menu.storyboard; sourceTree = "<group>"; };
		D2E1E3EE21B99D09001C272A /* SpockManager.swift */ = {isa = PBXFileReference; lastKnownFileType = sourcecode.swift; path = SpockManager.swift; sourceTree = "<group>"; };
		E05C42A6E9E3D26C6A8C728E /* Pods-kotlin.release.xcconfig */ = {isa = PBXFileReference; includeInIndex = 1; lastKnownFileType = text.xcconfig; name = "Pods-kotlin.release.xcconfig"; path = "Pods/Target Support Files/Pods-kotlin/Pods-kotlin.release.xcconfig"; sourceTree = "<group>"; };
		F0B9219A564C71631F4CA9F0 /* list-button.js */ = {isa = PBXFileReference; fileEncoding = 4; lastKnownFileType = sourcecode.javascript; path = "list-button.js"; sourceTree = SOURCE_ROOT; };
		F0B924EF312520A016E0061A /* index.js */ = {isa = PBXFileReference; fileEncoding = 4; lastKnownFileType = sourcecode.javascript; path = index.js; sourceTree = "<group>"; };
		F0B92F397ADBCB94D1F01D22 /* header.js */ = {isa = PBXFileReference; fileEncoding = 4; lastKnownFileType = sourcecode.javascript; path = header.js; sourceTree = SOURCE_ROOT; };
/* End PBXFileReference section */

/* Begin PBXFrameworksBuildPhase section */
		D25C85D7218B2E0D00FF03BD /* Frameworks */ = {
			isa = PBXFrameworksBuildPhase;
			buildActionMask = 2147483647;
			files = (
				D21F77BD21BA173B00596FBF /* spock.framework in Frameworks */,
				02D8C9D0C630F6DBF363DF27 /* Pods_kotlin.framework in Frameworks */,
			);
			runOnlyForDeploymentPostprocessing = 0;
		};
/* End PBXFrameworksBuildPhase section */

/* Begin PBXGroup section */
		27D0ED0054A39183E751A47D /* Pods */ = {
			isa = PBXGroup;
			children = (
				B65B483DC556D2D2404EBDED /* Pods-kotlin.debug.xcconfig */,
				E05C42A6E9E3D26C6A8C728E /* Pods-kotlin.release.xcconfig */,
			);
			name = Pods;
			sourceTree = "<group>";
		};
		C8F55D4F8F9FCCF4A65504B1 /* Frameworks */ = {
			isa = PBXGroup;
			children = (
				C1F0D0404CEA3D60E81BA390 /* Pods_kotlin.framework */,
			);
			name = Frameworks;
			sourceTree = "<group>";
		};
		D25C85D1218B2E0D00FF03BD = {
			isa = PBXGroup;
			children = (
				D21F77BC21BA173B00596FBF /* spock.framework */,
				D2388EC621B07C21001855CD /* Main.storyboard */,
				D25C85DC218B2E0D00FF03BD /* kotlin */,
				D25C85DB218B2E0D00FF03BD /* Products */,
				27D0ED0054A39183E751A47D /* Pods */,
				C8F55D4F8F9FCCF4A65504B1 /* Frameworks */,
				F0B924EF312520A016E0061A /* index.js */,
				F0B92100378380916E0540CA /* components */,
			);
			sourceTree = "<group>";
		};
		D25C85DB218B2E0D00FF03BD /* Products */ = {
			isa = PBXGroup;
			children = (
				D25C85DA218B2E0D00FF03BD /* kotlin.app */,
			);
			name = Products;
			sourceTree = "<group>";
		};
		D25C85DC218B2E0D00FF03BD /* kotlin */ = {
			isa = PBXGroup;
			children = (
				D21F77C321BA39AC00596FBF /* Test.m */,
				D2E1E3F721B9A777001C272A /* MainView */,
				D2E1E3E921B9989E001C272A /* Spock */,
				D2E1E3E721B988C9001C272A /* Take Photo */,
				D2E1E3E021B97D85001C272A /* Menu */,
				D25C85DD218B2E0D00FF03BD /* AppDelegate.swift */,
				D25C85E4218B2E0F00FF03BD /* Assets.xcassets */,
				D25C85E6218B2E0F00FF03BD /* LaunchScreen.storyboard */,
				D25C85E9218B2E0F00FF03BD /* Info.plist */,
				D21F77C021BA390000596FBF /* Test.swift */,
				D21F77C221BA392400596FBF /* Bridge.h */,
			);
			path = kotlin;
			sourceTree = "<group>";
		};
		D2E1E3E021B97D85001C272A /* Menu */ = {
			isa = PBXGroup;
			children = (
				D2E1E3E521B97EBB001C272A /* Menu.storyboard */,
				D2E1E3E221B97DA2001C272A /* MenuViewController.swift */,
			);
			path = Menu;
			sourceTree = "<group>";
		};
		D2E1E3E721B988C9001C272A /* Take Photo */ = {
			isa = PBXGroup;
			children = (
				D25C85E1218B2E0D00FF03BD /* Main.storyboard */,
				D25C85DF218B2E0D00FF03BD /* TakePhotoViewController.swift */,
			);
			path = "Take Photo";
			sourceTree = "<group>";
		};
		D2E1E3E921B9989E001C272A /* Spock */ = {
			isa = PBXGroup;
			children = (
				D2E1E3EE21B99D09001C272A /* SpockManager.swift */,
			);
			path = Spock;
			sourceTree = "<group>";
		};
		D2E1E3F721B9A777001C272A /* MainView */ = {
			isa = PBXGroup;
			children = (
			);
			path = MainView;
			sourceTree = "<group>";
		};
		F0B92100378380916E0540CA /* components */ = {
			isa = PBXGroup;
			children = (
				F0B92F397ADBCB94D1F01D22 /* header.js */,
				F0B9219A564C71631F4CA9F0 /* list-button.js */,
			);
			path = components;
			sourceTree = "<group>";
		};
/* End PBXGroup section */

/* Begin PBXNativeTarget section */
		D25C85D9218B2E0D00FF03BD /* kotlin */ = {
			isa = PBXNativeTarget;
			buildConfigurationList = D25C85EC218B2E0F00FF03BD /* Build configuration list for PBXNativeTarget "kotlin" */;
			buildPhases = (
				4A14D1E0BBE4EF033658FC1A /* [CP] Check Pods Manifest.lock */,
				D25C85F2218B2F8500FF03BD /* ShellScript */,
				D25C85D6218B2E0D00FF03BD /* Sources */,
				D25C85D7218B2E0D00FF03BD /* Frameworks */,
				D25C85D8218B2E0D00FF03BD /* Resources */,
				D21F77BF21BA173B00596FBF /* Embed Frameworks */,
				58D7AAC5FF92AC0BAD8F38F3 /* [CP] Embed Pods Frameworks */,
			);
			buildRules = (
			);
			dependencies = (
			);
			name = kotlin;
			productName = kotlin;
			productReference = D25C85DA218B2E0D00FF03BD /* kotlin.app */;
			productType = "com.apple.product-type.application";
		};
/* End PBXNativeTarget section */

/* Begin PBXProject section */
		D25C85D2218B2E0D00FF03BD /* Project object */ = {
			isa = PBXProject;
			attributes = {
				LastSwiftUpdateCheck = 1010;
				LastUpgradeCheck = 1010;
				ORGANIZATIONNAME = "Jamie Kerr";
				TargetAttributes = {
					D25C85D9218B2E0D00FF03BD = {
						CreatedOnToolsVersion = 10.1;
					};
				};
			};
			buildConfigurationList = D25C85D5218B2E0D00FF03BD /* Build configuration list for PBXProject "kotlin" */;
			compatibilityVersion = "Xcode 9.3";
			developmentRegion = en;
			hasScannedForEncodings = 0;
			knownRegions = (
				en,
				Base,
			);
			mainGroup = D25C85D1218B2E0D00FF03BD;
			productRefGroup = D25C85DB218B2E0D00FF03BD /* Products */;
			projectDirPath = "";
			projectRoot = "";
			targets = (
				D25C85D9218B2E0D00FF03BD /* kotlin */,
			);
		};
/* End PBXProject section */

/* Begin PBXResourcesBuildPhase section */
		D25C85D8218B2E0D00FF03BD /* Resources */ = {
			isa = PBXResourcesBuildPhase;
			buildActionMask = 2147483647;
			files = (
				D2E1E3E821B98AD9001C272A /* Main.storyboard in Resources */,
				D25C85E8218B2E0F00FF03BD /* LaunchScreen.storyboard in Resources */,
				D25C85E5218B2E0F00FF03BD /* Assets.xcassets in Resources */,
				D2E1E3E621B97EBB001C272A /* Menu.storyboard in Resources */,
			);
			runOnlyForDeploymentPostprocessing = 0;
		};
/* End PBXResourcesBuildPhase section */

/* Begin PBXShellScriptBuildPhase section */
		4A14D1E0BBE4EF033658FC1A /* [CP] Check Pods Manifest.lock */ = {
			isa = PBXShellScriptBuildPhase;
			buildActionMask = 2147483647;
			files = (
			);
			inputFileListPaths = (
			);
			inputPaths = (
				"${PODS_PODFILE_DIR_PATH}/Podfile.lock",
				"${PODS_ROOT}/Manifest.lock",
			);
			name = "[CP] Check Pods Manifest.lock";
			outputFileListPaths = (
			);
			outputPaths = (
				"$(DERIVED_FILE_DIR)/Pods-kotlin-checkManifestLockResult.txt",
			);
			runOnlyForDeploymentPostprocessing = 0;
			shellPath = /bin/sh;
			shellScript = "diff \"${PODS_PODFILE_DIR_PATH}/Podfile.lock\" \"${PODS_ROOT}/Manifest.lock\" > /dev/null\nif [ $? != 0 ] ; then\n    # print error to STDERR\n    echo \"error: The sandbox is not in sync with the Podfile.lock. Run 'pod install' or update your CocoaPods installation.\" >&2\n    exit 1\nfi\n# This output is used by Xcode 'outputs' to avoid re-running this script phase.\necho \"SUCCESS\" > \"${SCRIPT_OUTPUT_FILE_0}\"\n";
			showEnvVarsInLog = 0;
		};
		58D7AAC5FF92AC0BAD8F38F3 /* [CP] Embed Pods Frameworks */ = {
			isa = PBXShellScriptBuildPhase;
			buildActionMask = 2147483647;
			files = (
			);
			inputFileListPaths = (
			);
			inputPaths = (
				"${SRCROOT}/Pods/Target Support Files/Pods-kotlin/Pods-kotlin-frameworks.sh",
				"${BUILT_PRODUCTS_DIR}/DoubleConversion/DoubleConversion.framework",
				"${BUILT_PRODUCTS_DIR}/Folly/folly.framework",
				"${BUILT_PRODUCTS_DIR}/React/React.framework",
				"${BUILT_PRODUCTS_DIR}/glog/glog.framework",
				"${BUILT_PRODUCTS_DIR}/yoga/yoga.framework",
			);
			name = "[CP] Embed Pods Frameworks";
			outputFileListPaths = (
			);
			outputPaths = (
				"${TARGET_BUILD_DIR}/${FRAMEWORKS_FOLDER_PATH}/DoubleConversion.framework",
				"${TARGET_BUILD_DIR}/${FRAMEWORKS_FOLDER_PATH}/folly.framework",
				"${TARGET_BUILD_DIR}/${FRAMEWORKS_FOLDER_PATH}/React.framework",
				"${TARGET_BUILD_DIR}/${FRAMEWORKS_FOLDER_PATH}/glog.framework",
				"${TARGET_BUILD_DIR}/${FRAMEWORKS_FOLDER_PATH}/yoga.framework",
			);
			runOnlyForDeploymentPostprocessing = 0;
			shellPath = /bin/sh;
			shellScript = "\"${SRCROOT}/Pods/Target Support Files/Pods-kotlin/Pods-kotlin-frameworks.sh\"\n";
			showEnvVarsInLog = 0;
		};
		D25C85F2218B2F8500FF03BD /* ShellScript */ = {
			isa = PBXShellScriptBuildPhase;
			buildActionMask = 2147483647;
			files = (
			);
			inputFileListPaths = (
			);
			inputPaths = (
			);
			outputFileListPaths = (
			);
			outputPaths = (
			);
			runOnlyForDeploymentPostprocessing = 0;
			shellPath = /bin/sh;
			shellScript = "# Type a script or drag a script file from your workspace to insert its path.\n";
		};
/* End PBXShellScriptBuildPhase section */

/* Begin PBXSourcesBuildPhase section */
		D25C85D6218B2E0D00FF03BD /* Sources */ = {
			isa = PBXSourcesBuildPhase;
			buildActionMask = 2147483647;
			files = (
				D2E1E3EF21B99D09001C272A /* SpockManager.swift in Sources */,
				D25C85E0218B2E0D00FF03BD /* TakePhotoViewController.swift in Sources */,
				D2E1E3E421B97DA2001C272A /* MenuViewController.swift in Sources */,
				D21F77C421BA39AC00596FBF /* Test.m in Sources */,
				D25C85DE218B2E0D00FF03BD /* AppDelegate.swift in Sources */,
				F0B92850C1E5A11EAE8ED299 /* index.js in Sources */,
				D21F77C121BA390000596FBF /* Test.swift in Sources */,
				F0B92E22C3AEBEA8A711152C /* header.js in Sources */,
				F0B92F5CB85D9817C5A4CC8C /* list-button.js in Sources */,
			);
			runOnlyForDeploymentPostprocessing = 0;
		};
/* End PBXSourcesBuildPhase section */

/* Begin PBXVariantGroup section */
		D2388EC621B07C21001855CD /* Main.storyboard */ = {
			isa = PBXVariantGroup;
			children = (
				D2388EC721B07C21001855CD /* Base */,
			);
			name = Main.storyboard;
			sourceTree = "<group>";
		};
		D25C85E1218B2E0D00FF03BD /* Main.storyboard */ = {
			isa = PBXVariantGroup;
			children = (
				D25C85E2218B2E0D00FF03BD /* Base */,
			);
			name = Main.storyboard;
			sourceTree = "<group>";
		};
		D25C85E6218B2E0F00FF03BD /* LaunchScreen.storyboard */ = {
			isa = PBXVariantGroup;
			children = (
				D25C85E7218B2E0F00FF03BD /* Base */,
			);
			name = LaunchScreen.storyboard;
			sourceTree = "<group>";
		};
/* End PBXVariantGroup section */

/* Begin XCBuildConfiguration section */
		D25C85EA218B2E0F00FF03BD /* Debug */ = {
			isa = XCBuildConfiguration;
			buildSettings = {
				ALWAYS_SEARCH_USER_PATHS = NO;
				CLANG_ANALYZER_NONNULL = YES;
				CLANG_ANALYZER_NUMBER_OBJECT_CONVERSION = YES_AGGRESSIVE;
				CLANG_CXX_LANGUAGE_STANDARD = "gnu++14";
				CLANG_CXX_LIBRARY = "libc++";
				CLANG_ENABLE_MODULES = YES;
				CLANG_ENABLE_OBJC_ARC = YES;
				CLANG_ENABLE_OBJC_WEAK = YES;
				CLANG_WARN_BLOCK_CAPTURE_AUTORELEASING = YES;
				CLANG_WARN_BOOL_CONVERSION = YES;
				CLANG_WARN_COMMA = YES;
				CLANG_WARN_CONSTANT_CONVERSION = YES;
				CLANG_WARN_DEPRECATED_OBJC_IMPLEMENTATIONS = YES;
				CLANG_WARN_DIRECT_OBJC_ISA_USAGE = YES_ERROR;
				CLANG_WARN_DOCUMENTATION_COMMENTS = YES;
				CLANG_WARN_EMPTY_BODY = YES;
				CLANG_WARN_ENUM_CONVERSION = YES;
				CLANG_WARN_INFINITE_RECURSION = YES;
				CLANG_WARN_INT_CONVERSION = YES;
				CLANG_WARN_NON_LITERAL_NULL_CONVERSION = YES;
				CLANG_WARN_OBJC_IMPLICIT_RETAIN_SELF = YES;
				CLANG_WARN_OBJC_LITERAL_CONVERSION = YES;
				CLANG_WARN_OBJC_ROOT_CLASS = YES_ERROR;
				CLANG_WARN_RANGE_LOOP_ANALYSIS = YES;
				CLANG_WARN_STRICT_PROTOTYPES = YES;
				CLANG_WARN_SUSPICIOUS_MOVE = YES;
				CLANG_WARN_UNGUARDED_AVAILABILITY = YES_AGGRESSIVE;
				CLANG_WARN_UNREACHABLE_CODE = YES;
				CLANG_WARN__DUPLICATE_METHOD_MATCH = YES;
				CODE_SIGN_IDENTITY = "iPhone Developer";
				COPY_PHASE_STRIP = NO;
				DEBUG_INFORMATION_FORMAT = dwarf;
				ENABLE_STRICT_OBJC_MSGSEND = YES;
				ENABLE_TESTABILITY = YES;
				GCC_C_LANGUAGE_STANDARD = gnu11;
				GCC_DYNAMIC_NO_PIC = NO;
				GCC_NO_COMMON_BLOCKS = YES;
				GCC_OPTIMIZATION_LEVEL = 0;
				GCC_PREPROCESSOR_DEFINITIONS = (
					"DEBUG=1",
					"$(inherited)",
				);
				GCC_WARN_64_TO_32_BIT_CONVERSION = YES;
				GCC_WARN_ABOUT_RETURN_TYPE = YES_ERROR;
				GCC_WARN_UNDECLARED_SELECTOR = YES;
				GCC_WARN_UNINITIALIZED_AUTOS = YES_AGGRESSIVE;
				GCC_WARN_UNUSED_FUNCTION = YES;
				GCC_WARN_UNUSED_VARIABLE = YES;
				IPHONEOS_DEPLOYMENT_TARGET = 12.1;
				MTL_ENABLE_DEBUG_INFO = INCLUDE_SOURCE;
				MTL_FAST_MATH = YES;
				ONLY_ACTIVE_ARCH = YES;
				SDKROOT = iphoneos;
				SWIFT_ACTIVE_COMPILATION_CONDITIONS = DEBUG;
				SWIFT_OPTIMIZATION_LEVEL = "-Onone";
			};
			name = Debug;
		};
		D25C85EB218B2E0F00FF03BD /* Release */ = {
			isa = XCBuildConfiguration;
			buildSettings = {
				ALWAYS_SEARCH_USER_PATHS = NO;
				CLANG_ANALYZER_NONNULL = YES;
				CLANG_ANALYZER_NUMBER_OBJECT_CONVERSION = YES_AGGRESSIVE;
				CLANG_CXX_LANGUAGE_STANDARD = "gnu++14";
				CLANG_CXX_LIBRARY = "libc++";
				CLANG_ENABLE_MODULES = YES;
				CLANG_ENABLE_OBJC_ARC = YES;
				CLANG_ENABLE_OBJC_WEAK = YES;
				CLANG_WARN_BLOCK_CAPTURE_AUTORELEASING = YES;
				CLANG_WARN_BOOL_CONVERSION = YES;
				CLANG_WARN_COMMA = YES;
				CLANG_WARN_CONSTANT_CONVERSION = YES;
				CLANG_WARN_DEPRECATED_OBJC_IMPLEMENTATIONS = YES;
				CLANG_WARN_DIRECT_OBJC_ISA_USAGE = YES_ERROR;
				CLANG_WARN_DOCUMENTATION_COMMENTS = YES;
				CLANG_WARN_EMPTY_BODY = YES;
				CLANG_WARN_ENUM_CONVERSION = YES;
				CLANG_WARN_INFINITE_RECURSION = YES;
				CLANG_WARN_INT_CONVERSION = YES;
				CLANG_WARN_NON_LITERAL_NULL_CONVERSION = YES;
				CLANG_WARN_OBJC_IMPLICIT_RETAIN_SELF = YES;
				CLANG_WARN_OBJC_LITERAL_CONVERSION = YES;
				CLANG_WARN_OBJC_ROOT_CLASS = YES_ERROR;
				CLANG_WARN_RANGE_LOOP_ANALYSIS = YES;
				CLANG_WARN_STRICT_PROTOTYPES = YES;
				CLANG_WARN_SUSPICIOUS_MOVE = YES;
				CLANG_WARN_UNGUARDED_AVAILABILITY = YES_AGGRESSIVE;
				CLANG_WARN_UNREACHABLE_CODE = YES;
				CLANG_WARN__DUPLICATE_METHOD_MATCH = YES;
				CODE_SIGN_IDENTITY = "iPhone Developer";
				COPY_PHASE_STRIP = NO;
				DEBUG_INFORMATION_FORMAT = "dwarf-with-dsym";
				ENABLE_NS_ASSERTIONS = NO;
				ENABLE_STRICT_OBJC_MSGSEND = YES;
				GCC_C_LANGUAGE_STANDARD = gnu11;
				GCC_NO_COMMON_BLOCKS = YES;
				GCC_WARN_64_TO_32_BIT_CONVERSION = YES;
				GCC_WARN_ABOUT_RETURN_TYPE = YES_ERROR;
				GCC_WARN_UNDECLARED_SELECTOR = YES;
				GCC_WARN_UNINITIALIZED_AUTOS = YES_AGGRESSIVE;
				GCC_WARN_UNUSED_FUNCTION = YES;
				GCC_WARN_UNUSED_VARIABLE = YES;
				IPHONEOS_DEPLOYMENT_TARGET = 12.1;
				MTL_ENABLE_DEBUG_INFO = NO;
				MTL_FAST_MATH = YES;
				SDKROOT = iphoneos;
				SWIFT_COMPILATION_MODE = wholemodule;
				SWIFT_OPTIMIZATION_LEVEL = "-O";
				VALIDATE_PRODUCT = YES;
			};
			name = Release;
		};
		D25C85ED218B2E0F00FF03BD /* Debug */ = {
			isa = XCBuildConfiguration;
			baseConfigurationReference = B65B483DC556D2D2404EBDED /* Pods-kotlin.debug.xcconfig */;
			buildSettings = {
				ASSETCATALOG_COMPILER_APPICON_NAME = AppIcon;
				CODE_SIGN_IDENTITY = "iPhone Developer";
				CODE_SIGN_STYLE = Automatic;
				DEVELOPMENT_TEAM = HRL6BQY7MY;
				ENABLE_BITCODE = NO;
				FRAMEWORK_SEARCH_PATHS = (
					"/Users/jamie.kerr/Documents/Kotlin/spock/build/bin/ios/main/release/framework/**",
					"$(inherited)",
				);
				INFOPLIST_FILE = kotlin/Info.plist;
				IPHONEOS_DEPLOYMENT_TARGET = 9.0;
				LD_RUNPATH_SEARCH_PATHS = (
					"$(inherited)",
					"@executable_path/Frameworks",
				);
				ONLY_ACTIVE_ARCH = YES;
				PRODUCT_BUNDLE_IDENTIFIER = com.jamiekerr.kotlin;
				PRODUCT_NAME = "$(TARGET_NAME)";
				PROVISIONING_PROFILE_SPECIFIER = "";
				SWIFT_OBJC_BRIDGING_HEADER = kotlin/Bridge.h;
				SWIFT_VERSION = 4.2;
				TARGETED_DEVICE_FAMILY = "1,2";
			};
			name = Debug;
		};
		D25C85EE218B2E0F00FF03BD /* Release */ = {
			isa = XCBuildConfiguration;
			baseConfigurationReference = E05C42A6E9E3D26C6A8C728E /* Pods-kotlin.release.xcconfig */;
			buildSettings = {
				ASSETCATALOG_COMPILER_APPICON_NAME = AppIcon;
				CODE_SIGN_IDENTITY = "iPhone Developer";
				CODE_SIGN_STYLE = Automatic;
				DEVELOPMENT_TEAM = HRL6BQY7MY;
				ENABLE_BITCODE = NO;
				FRAMEWORK_SEARCH_PATHS = (
					"/Users/jamie.kerr/Documents/Kotlin/spock/build/bin/ios/main/release/framework/**",
					"$(inherited)",
				);
				INFOPLIST_FILE = kotlin/Info.plist;
				IPHONEOS_DEPLOYMENT_TARGET = 9.0;
				LD_RUNPATH_SEARCH_PATHS = (
					"$(inherited)",
					"@executable_path/Frameworks",
				);
				PRODUCT_BUNDLE_IDENTIFIER = com.jamiekerr.kotlin;
				PRODUCT_NAME = "$(TARGET_NAME)";
				PROVISIONING_PROFILE_SPECIFIER = "";
				SWIFT_OBJC_BRIDGING_HEADER = kotlin/Bridge.h;
				SWIFT_VERSION = 4.2;
				TARGETED_DEVICE_FAMILY = "1,2";
			};
			name = Release;
		};
/* End XCBuildConfiguration section */

/* Begin XCConfigurationList section */
		D25C85D5218B2E0D00FF03BD /* Build configuration list for PBXProject "kotlin" */ = {
			isa = XCConfigurationList;
			buildConfigurations = (
				D25C85EA218B2E0F00FF03BD /* Debug */,
				D25C85EB218B2E0F00FF03BD /* Release */,
			);
			defaultConfigurationIsVisible = 0;
			defaultConfigurationName = Release;
		};
		D25C85EC218B2E0F00FF03BD /* Build configuration list for PBXNativeTarget "kotlin" */ = {
			isa = XCConfigurationList;
			buildConfigurations = (
				D25C85ED218B2E0F00FF03BD /* Debug */,
				D25C85EE218B2E0F00FF03BD /* Release */,
			);
			defaultConfigurationIsVisible = 0;
			defaultConfigurationName = Release;
		};
/* End XCConfigurationList section */
	};
	rootObject = D25C85D2218B2E0D00FF03BD /* Project object */;
}
